
Microsoft Visual Studio Solution File, Format Version 12.00
# Visual Studio Version 17
VisualStudioVersion = 17.6.33829.357
MinimumVisualStudioVersion = 10.0.40219.1
Project("{FAE04EC0-301F-11D3-BF4B-00C04F79EFBC}") = "EntityJoin", "EntityJoin\EntityJoin.csproj", "{A3BD7C34-92B9-40BF-8FAF-8F0A266B9BFD}"
EndProject
Global
	GlobalSection(SolutionConfigurationPlatforms) = preSolution
		Debug|Any CPU = Debug|Any CPU
		Release|Any CPU = Release|Any CPU
	EndGlobalSection
	GlobalSection(ProjectConfigurationPlatforms) = postSolution
		{A3BD7C34-92B9-40BF-8FAF-8F0A266B9BFD}.Debug|Any CPU.ActiveCfg = Debug|Any CPU
		{A3BD7C34-92B9-40BF-8FAF-8F0A266B9BFD}.Debug|Any CPU.Build.0 = Debug|Any CPU
		{A3BD7C34-92B9-40BF-8FAF-8F0A266B9BFD}.Release|Any CPU.ActiveCfg = Release|Any CPU
		{A3BD7C34-92B9-40BF-8FAF-8F0A266B9BFD}.Release|Any CPU.Build.0 = Release|Any CPU
	EndGlobalSection
	GlobalSection(SolutionProperties) = preSolution
		HideSolutionNode = FALSE
	EndGlobalSection
	GlobalSection(ExtensibilityGlobals) = postSolution
		SolutionGuid = {F80A311D-301B-45E3-87F8-68579A62D9C3}
	EndGlobalSection
EndGlobal
